// !$*UTF8*$!
{
	archiveVersion = 1;
	classes = {
	};
	objectVersion = 46;
	objects = {

/* Begin PBXBuildFile section */
		876BCC571F6B4C9400B66C9F /* VenusVC.swift in Sources */ = {isa = PBXBuildFile; fileRef = 876BCC561F6B4C9400B66C9F /* VenusVC.swift */; };
		876BCC591F6B4E9B00B66C9F /* EarthVC.swift in Sources */ = {isa = PBXBuildFile; fileRef = 876BCC581F6B4E9B00B66C9F /* EarthVC.swift */; };
		878C6B4C1F6A153100548259 /* AppDelegate.swift in Sources */ = {isa = PBXBuildFile; fileRef = 878C6B4B1F6A153100548259 /* AppDelegate.swift */; };
		878C6B4E1F6A153100548259 /* ViewController.swift in Sources */ = {isa = PBXBuildFile; fileRef = 878C6B4D1F6A153100548259 /* ViewController.swift */; };
		878C6B511F6A153100548259 /* Main.storyboard in Resources */ = {isa = PBXBuildFile; fileRef = 878C6B4F1F6A153100548259 /* Main.storyboard */; };
		878C6B531F6A153100548259 /* Assets.xcassets in Resources */ = {isa = PBXBuildFile; fileRef = 878C6B521F6A153100548259 /* Assets.xcassets */; };
		878C6B561F6A153100548259 /* LaunchScreen.storyboard in Resources */ = {isa = PBXBuildFile; fileRef = 878C6B541F6A153100548259 /* LaunchScreen.storyboard */; };
		878C6B611F6A153100548259 /* SpaceAppTests.swift in Sources */ = {isa = PBXBuildFile; fileRef = 878C6B601F6A153100548259 /* SpaceAppTests.swift */; };
		878C6B6C1F6A153100548259 /* SpaceAppUITests.swift in Sources */ = {isa = PBXBuildFile; fileRef = 878C6B6B1F6A153100548259 /* SpaceAppUITests.swift */; };
/* End PBXBuildFile section */

/* Begin PBXContainerItemProxy section */
		878C6B5D1F6A153100548259 /* PBXContainerItemProxy */ = {
			isa = PBXContainerItemProxy;
			containerPortal = 878C6B401F6A153100548259 /* Project object */;
			proxyType = 1;
			remoteGlobalIDString = 878C6B471F6A153100548259;
			remoteInfo = SpaceApp;
		};
		878C6B681F6A153100548259 /* PBXContainerItemProxy */ = {
			isa = PBXContainerItemProxy;
			containerPortal = 878C6B401F6A153100548259 /* Project object */;
			proxyType = 1;
			remoteGlobalIDString = 878C6B471F6A153100548259;
			remoteInfo = SpaceApp;
		};
/* End PBXContainerItemProxy section */

/* Begin PBXFileReference section */
		876BCC561F6B4C9400B66C9F /* VenusVC.swift */ = {isa = PBXFileReference; fileEncoding = 4; lastKnownFileType = sourcecode.swift; path = VenusVC.swift; sourceTree = "<group>"; };
		876BCC581F6B4E9B00B66C9F /* EarthVC.swift */ = {isa = PBXFileReference; fileEncoding = 4; lastKnownFileType = sourcecode.swift; path = EarthVC.swift; sourceTree = "<group>"; };
		878C6B481F6A153100548259 /* SpaceApp.app */ = {isa = PBXFileReference; explicitFileType = wrapper.application; includeInIndex = 0; path = SpaceApp.app; sourceTree = BUILT_PRODUCTS_DIR; };
		878C6B4B1F6A153100548259 /* AppDelegate.swift */ = {isa = PBXFileReference; lastKnownFileType = sourcecode.swift; path = AppDelegate.swift; sourceTree = "<group>"; };
		878C6B4D1F6A153100548259 /* ViewController.swift */ = {isa = PBXFileReference; lastKnownFileType = sourcecode.swift; path = ViewController.swift; sourceTree = "<group>"; };
		878C6B501F6A153100548259 /* Base */ = {isa = PBXFileReference; lastKnownFileType = file.storyboard; name = Base; path = Base.lproj/Main.storyboard; sourceTree = "<group>"; };
		878C6B521F6A153100548259 /* Assets.xcassets */ = {isa = PBXFileReference; lastKnownFileType = folder.assetcatalog; path = Assets.xcassets; sourceTree = "<group>"; };
		878C6B551F6A153100548259 /* Base */ = {isa = PBXFileReference; lastKnownFileType = file.storyboard; name = Base; path = Base.lproj/LaunchScreen.storyboard; sourceTree = "<group>"; };
		878C6B571F6A153100548259 /* Info.plist */ = {isa = PBXFileReference; lastKnownFileType = text.plist.xml; path = Info.plist; sourceTree = "<group>"; };
		878C6B5C1F6A153100548259 /* SpaceAppTests.xctest */ = {isa = PBXFileReference; explicitFileType = wrapper.cfbundle; includeInIndex = 0; path = SpaceAppTests.xctest; sourceTree = BUILT_PRODUCTS_DIR; };
		878C6B601F6A153100548259 /* SpaceAppTests.swift */ = {isa = PBXFileReference; lastKnownFileType = sourcecode.swift; path = SpaceAppTests.swift; sourceTree = "<group>"; };
		878C6B621F6A153100548259 /* Info.plist */ = {isa = PBXFileReference; lastKnownFileType = text.plist.xml; path = Info.plist; sourceTree = "<group>"; };
		878C6B671F6A153100548259 /* SpaceAppUITests.xctest */ = {isa = PBXFileReference; explicitFileType = wrapper.cfbundle; includeInIndex = 0; path = SpaceAppUITests.xctest; sourceTree = BUILT_PRODUCTS_DIR; };
		878C6B6B1F6A153100548259 /* SpaceAppUITests.swift */ = {isa = PBXFileReference; lastKnownFileType = sourcecode.swift; path = SpaceAppUITests.swift; sourceTree = "<group>"; };
		878C6B6D1F6A153100548259 /* Info.plist */ = {isa = PBXFileReference; lastKnownFileType = text.plist.xml; path = Info.plist; sourceTree = "<group>"; };
/* End PBXFileReference section */

/* Begin PBXFrameworksBuildPhase section */
		878C6B451F6A153100548259 /* Frameworks */ = {
			isa = PBXFrameworksBuildPhase;
			buildActionMask = 2147483647;
			files = (
			);
			runOnlyForDeploymentPostprocessing = 0;
		};
		878C6B591F6A153100548259 /* Frameworks */ = {
			isa = PBXFrameworksBuildPhase;
			buildActionMask = 2147483647;
			files = (
			);
			runOnlyForDeploymentPostprocessing = 0;
		};
		878C6B641F6A153100548259 /* Frameworks */ = {
			isa = PBXFrameworksBuildPhase;
			buildActionMask = 2147483647;
			files = (
			);
			runOnlyForDeploymentPostprocessing = 0;
		};
/* End PBXFrameworksBuildPhase section */

/* Begin PBXGroup section */
		878C6B3F1F6A153100548259 = {
			isa = PBXGroup;
			children = (
				878C6B4A1F6A153100548259 /* SpaceApp */,
				878C6B5F1F6A153100548259 /* SpaceAppTests */,
				878C6B6A1F6A153100548259 /* SpaceAppUITests */,
				878C6B491F6A153100548259 /* Products */,
			);
			sourceTree = "<group>";
		};
		878C6B491F6A153100548259 /* Products */ = {
			isa = PBXGroup;
			children = (
				878C6B481F6A153100548259 /* SpaceApp.app */,
				878C6B5C1F6A153100548259 /* SpaceAppTests.xctest */,
				878C6B671F6A153100548259 /* SpaceAppUITests.xctest */,
			);
			name = Products;
			sourceTree = "<group>";
		};
		878C6B4A1F6A153100548259 /* SpaceApp */ = {
			isa = PBXGroup;
			children = (
				878C6B4B1F6A153100548259 /* AppDelegate.swift */,
				878C6B4D1F6A153100548259 /* ViewController.swift */,
				878C6B4F1F6A153100548259 /* Main.storyboard */,
				878C6B521F6A153100548259 /* Assets.xcassets */,
				878C6B541F6A153100548259 /* LaunchScreen.storyboard */,
				878C6B571F6A153100548259 /* Info.plist */,
				876BCC561F6B4C9400B66C9F /* VenusVC.swift */,
				876BCC581F6B4E9B00B66C9F /* EarthVC.swift */,
			);
			path = SpaceApp;
			sourceTree = "<group>";
		};
		878C6B5F1F6A153100548259 /* SpaceAppTests */ = {
			isa = PBXGroup;
			children = (
				878C6B601F6A153100548259 /* SpaceAppTests.swift */,
				878C6B621F6A153100548259 /* Info.plist */,
			);
			path = SpaceAppTests;
			sourceTree = "<group>";
		};
		878C6B6A1F6A153100548259 /* SpaceAppUITests */ = {
			isa = PBXGroup;
			children = (
				878C6B6B1F6A153100548259 /* SpaceAppUITests.swift */,
				878C6B6D1F6A153100548259 /* Info.plist */,
			);
			path = SpaceAppUITests;
			sourceTree = "<group>";
		};
/* End PBXGroup section */

/* Begin PBXNativeTarget section */
		878C6B471F6A153100548259 /* SpaceApp */ = {
			isa = PBXNativeTarget;
			buildConfigurationList = 878C6B701F6A153100548259 /* Build configuration list for PBXNativeTarget "SpaceApp" */;
			buildPhases = (
				878C6B441F6A153100548259 /* Sources */,
				878C6B451F6A153100548259 /* Frameworks */,
				878C6B461F6A153100548259 /* Resources */,
			);
			buildRules = (
			);
			dependencies = (
			);
			name = SpaceApp;
			productName = SpaceApp;
			productReference = 878C6B481F6A153100548259 /* SpaceApp.app */;
			productType = "com.apple.product-type.application";
		};
		878C6B5B1F6A153100548259 /* SpaceAppTests */ = {
			isa = PBXNativeTarget;
			buildConfigurationList = 878C6B731F6A153100548259 /* Build configuration list for PBXNativeTarget "SpaceAppTests" */;
			buildPhases = (
				878C6B581F6A153100548259 /* Sources */,
				878C6B591F6A153100548259 /* Frameworks */,
				878C6B5A1F6A153100548259 /* Resources */,
			);
			buildRules = (
			);
			dependencies = (
				878C6B5E1F6A153100548259 /* PBXTargetDependency */,
			);
			name = SpaceAppTests;
			productName = SpaceAppTests;
			productReference = 878C6B5C1F6A153100548259 /* SpaceAppTests.xctest */;
			productType = "com.apple.product-type.bundle.unit-test";
		};
		878C6B661F6A153100548259 /* SpaceAppUITests */ = {
			isa = PBXNativeTarget;
			buildConfigurationList = 878C6B761F6A153100548259 /* Build configuration list for PBXNativeTarget "SpaceAppUITests" */;
			buildPhases = (
				878C6B631F6A153100548259 /* Sources */,
				878C6B641F6A153100548259 /* Frameworks */,
				878C6B651F6A153100548259 /* Resources */,
			);
			buildRules = (
			);
			dependencies = (
				878C6B691F6A153100548259 /* PBXTargetDependency */,
			);
			name = SpaceAppUITests;
			productName = SpaceAppUITests;
			productReference = 878C6B671F6A153100548259 /* SpaceAppUITests.xctest */;
			productType = "com.apple.product-type.bundle.ui-testing";
		};
/* End PBXNativeTarget section */

/* Begin PBXProject section */
		878C6B401F6A153100548259 /* Project object */ = {
			isa = PBXProject;
			attributes = {
				LastSwiftUpdateCheck = 0830;
				LastUpgradeCheck = 0830;
				ORGANIZATIONNAME = Sivam;
				TargetAttributes = {
					878C6B471F6A153100548259 = {
						CreatedOnToolsVersion = 8.3.3;
						ProvisioningStyle = Automatic;
					};
					878C6B5B1F6A153100548259 = {
						CreatedOnToolsVersion = 8.3.3;
						ProvisioningStyle = Automatic;
						TestTargetID = 878C6B471F6A153100548259;
					};
					878C6B661F6A153100548259 = {
						CreatedOnToolsVersion = 8.3.3;
						ProvisioningStyle = Automatic;
						TestTargetID = 878C6B471F6A153100548259;
					};
				};
			};
			buildConfigurationList = 878C6B431F6A153100548259 /* Build configuration list for PBXProject "SpaceApp" */;
			compatibilityVersion = "Xcode 3.2";
			developmentRegion = English;
			hasScannedForEncodings = 0;
			knownRegions = (
				en,
				Base,
			);
			mainGroup = 878C6B3F1F6A153100548259;
			productRefGroup = 878C6B491F6A153100548259 /* Products */;
			projectDirPath = "";
			projectRoot = "";
			targets = (
				878C6B471F6A153100548259 /* SpaceApp */,
				878C6B5B1F6A153100548259 /* SpaceAppTests */,
				878C6B661F6A153100548259 /* SpaceAppUITests */,
			);
		};
/* End PBXProject section */

/* Begin PBXResourcesBuildPhase section */
		878C6B461F6A153100548259 /* Resources */ = {
			isa = PBXResourcesBuildPhase;
			buildActionMask = 2147483647;
			files = (
				878C6B561F6A153100548259 /* LaunchScreen.storyboard in Resources */,
				878C6B531F6A153100548259 /* Assets.xcassets in Resources */,
				878C6B511F6A153100548259 /* Main.storyboard in Resources */,
			);
			runOnlyForDeploymentPostprocessing = 0;
		};
		878C6B5A1F6A153100548259 /* Resources */ = {
			isa = PBXResourcesBuildPhase;
			buildActionMask = 2147483647;
			files = (
			);
			runOnlyForDeploymentPostprocessing = 0;
		};
		878C6B651F6A153100548259 /* Resources */ = {
			isa = PBXResourcesBuildPhase;
			buildActionMask = 2147483647;
			files = (
			);
			runOnlyForDeploymentPostprocessing = 0;
		};
/* End PBXResourcesBuildPhase section */

/* Begin PBXSourcesBuildPhase section */
		878C6B441F6A153100548259 /* Sources */ = {
			isa = PBXSourcesBuildPhase;
			buildActionMask = 2147483647;
			files = (
				878C6B4E1F6A153100548259 /* ViewController.swift in Sources */,
				876BCC591F6B4E9B00B66C9F /* EarthVC.swift in Sources */,
				878C6B4C1F6A153100548259 /* AppDelegate.swift in Sources */,
				876BCC571F6B4C9400B66C9F /* VenusVC.swift in Sources */,
			);
			runOnlyForDeploymentPostprocessing = 0;
		};
		878C6B581F6A153100548259 /* Sources */ = {
			isa = PBXSourcesBuildPhase;
			buildActionMask = 2147483647;
			files = (
				878C6B611F6A153100548259 /* SpaceAppTests.swift in Sources */,
			);
			runOnlyForDeploymentPostprocessing = 0;
		};
		878C6B631F6A153100548259 /* Sources */ = {
			isa = PBXSourcesBuildPhase;
			buildActionMask = 2147483647;
			files = (
				878C6B6C1F6A153100548259 /* SpaceAppUITests.swift in Sources */,
			);
			runOnlyForDeploymentPostprocessing = 0;
		};
/* End PBXSourcesBuildPhase section */

/* Begin PBXTargetDependency section */
		878C6B5E1F6A153100548259 /* PBXTargetDependency */ = {
			isa = PBXTargetDependency;
			target = 878C6B471F6A153100548259 /* SpaceApp */;
			targetProxy = 878C6B5D1F6A153100548259 /* PBXContainerItemProxy */;
		};
		878C6B691F6A153100548259 /* PBXTargetDependency */ = {
			isa = PBXTargetDependency;
			target = 878C6B471F6A153100548259 /* SpaceApp */;
			targetProxy = 878C6B681F6A153100548259 /* PBXContainerItemProxy */;
		};
/* End PBXTargetDependency section */

/* Begin PBXVariantGroup section */
		878C6B4F1F6A153100548259 /* Main.storyboard */ = {
			isa = PBXVariantGroup;
			children = (
				878C6B501F6A153100548259 /* Base */,
			);
			name = Main.storyboard;
			sourceTree = "<group>";
		};
		878C6B541F6A153100548259 /* LaunchScreen.storyboard */ = {
			isa = PBXVariantGroup;
			children = (
				878C6B551F6A153100548259 /* Base */,
			);
			name = LaunchScreen.storyboard;
			sourceTree = "<group>";
		};
/* End PBXVariantGroup section */

/* Begin XCBuildConfiguration section */
		878C6B6E1F6A153100548259 /* Debug */ = {
			isa = XCBuildConfiguration;
			buildSettings = {
				ALWAYS_SEARCH_USER_PATHS = NO;
				CLANG_ANALYZER_NONNULL = YES;
				CLANG_ANALYZER_NUMBER_OBJECT_CONVERSION = YES_AGGRESSIVE;
				CLANG_CXX_LANGUAGE_STANDARD = "gnu++0x";
				CLANG_CXX_LIBRARY = "libc++";
				CLANG_ENABLE_MODULES = YES;
				CLANG_ENABLE_OBJC_ARC = YES;
				CLANG_WARN_BOOL_CONVERSION = YES;
				CLANG_WARN_CONSTANT_CONVERSION = YES;
				CLANG_WARN_DIRECT_OBJC_ISA_USAGE = YES_ERROR;
				CLANG_WARN_DOCUMENTATION_COMMENTS = YES;
				CLANG_WARN_EMPTY_BODY = YES;
				CLANG_WARN_ENUM_CONVERSION = YES;
				CLANG_WARN_INFINITE_RECURSION = YES;
				CLANG_WARN_INT_CONVERSION = YES;
				CLANG_WARN_OBJC_ROOT_CLASS = YES_ERROR;
				CLANG_WARN_SUSPICIOUS_MOVE = YES;
				CLANG_WARN_UNREACHABLE_CODE = YES;
				CLANG_WARN__DUPLICATE_METHOD_MATCH = YES;
				"CODE_SIGN_IDENTITY[sdk=iphoneos*]" = "iPhone Developer";
				COPY_PHASE_STRIP = NO;
				DEBUG_INFORMATION_FORMAT = dwarf;
				ENABLE_STRICT_OBJC_MSGSEND = YES;
				ENABLE_TESTABILITY = YES;
				GCC_C_LANGUAGE_STANDARD = gnu99;
				GCC_DYNAMIC_NO_PIC = NO;
				GCC_NO_COMMON_BLOCKS = YES;
				GCC_OPTIMIZATION_LEVEL = 0;
				GCC_PREPROCESSOR_DEFINITIONS = (
					"DEBUG=1",
					"$(inherited)",
				);
				GCC_WARN_64_TO_32_BIT_CONVERSION = YES;
				GCC_WARN_ABOUT_RETURN_TYPE = YES_ERROR;
				GCC_WARN_UNDECLARED_SELECTOR = YES;
				GCC_WARN_UNINITIALIZED_AUTOS = YES_AGGRESSIVE;
				GCC_WARN_UNUSED_FUNCTION = YES;
				GCC_WARN_UNUSED_VARIABLE = YES;
				IPHONEOS_DEPLOYMENT_TARGET = 10.3;
				MTL_ENABLE_DEBUG_INFO = YES;
				ONLY_ACTIVE_ARCH = YES;
				SDKROOT = iphoneos;
				SWIFT_ACTIVE_COMPILATION_CONDITIONS = DEBUG;
				SWIFT_OPTIMIZATION_LEVEL = "-Onone";
				TARGETED_DEVICE_FAMILY = "1,2";
			};
			name = Debug;
		};
		878C6B6F1F6A153100548259 /* Release */ = {
			isa = XCBuildConfiguration;
			buildSettings = {
				ALWAYS_SEARCH_USER_PATHS = NO;
				CLANG_ANALYZER_NONNULL = YES;
				CLANG_ANALYZER_NUMBER_OBJECT_CONVERSION = YES_AGGRESSIVE;
				CLANG_CXX_LANGUAGE_STANDARD = "gnu++0x";
				CLANG_CXX_LIBRARY = "libc++";
				CLANG_ENABLE_MODULES = YES;
				CLANG_ENABLE_OBJC_ARC = YES;
				CLANG_WARN_BOOL_CONVERSION = YES;
				CLANG_WARN_CONSTANT_CONVERSION = YES;
				CLANG_WARN_DIRECT_OBJC_ISA_USAGE = YES_ERROR;
				CLANG_WARN_DOCUMENTATION_COMMENTS = YES;
				CLANG_WARN_EMPTY_BODY = YES;
				CLANG_WARN_ENUM_CONVERSION = YES;
				CLANG_WARN_INFINITE_RECURSION = YES;
				CLANG_WARN_INT_CONVERSION = YES;
				CLANG_WARN_OBJC_ROOT_CLASS = YES_ERROR;
				CLANG_WARN_SUSPICIOUS_MOVE = YES;
				CLANG_WARN_UNREACHABLE_CODE = YES;
				CLANG_WARN__DUPLICATE_METHOD_MATCH = YES;
				"CODE_SIGN_IDENTITY[sdk=iphoneos*]" = "iPhone Developer";
				COPY_PHASE_STRIP = NO;
				DEBUG_INFORMATION_FORMAT = "dwarf-with-dsym";
				ENABLE_NS_ASSERTIONS = NO;
				ENABLE_STRICT_OBJC_MSGSEND = YES;
				GCC_C_LANGUAGE_STANDARD = gnu99;
				GCC_NO_COMMON_BLOCKS = YES;
				GCC_WARN_64_TO_32_BIT_CONVERSION = YES;
				GCC_WARN_ABOUT_RETURN_TYPE = YES_ERROR;
				GCC_WARN_UNDECLARED_SELECTOR = YES;
				GCC_WARN_UNINITIALIZED_AUTOS = YES_AGGRESSIVE;
				GCC_WARN_UNUSED_FUNCTION = YES;
				GCC_WARN_UNUSED_VARIABLE = YES;
				IPHONEOS_DEPLOYMENT_TARGET = 10.3;
				MTL_ENABLE_DEBUG_INFO = NO;
				SDKROOT = iphoneos;
				SWIFT_OPTIMIZATION_LEVEL = "-Owholemodule";
				TARGETED_DEVICE_FAMILY = "1,2";
				VALIDATE_PRODUCT = YES;
			};
			name = Release;
		};
		878C6B711F6A153100548259 /* Debug */ = {
			isa = XCBuildConfiguration;
			buildSettings = {
				ASSETCATALOG_COMPILER_APPICON_NAME = AppIcon;
				INFOPLIST_FILE = SpaceApp/Info.plist;
				LD_RUNPATH_SEARCH_PATHS = "$(inherited) @executable_path/Frameworks";
				PRODUCT_BUNDLE_IDENTIFIER = sivam.app.SpaceApp;
				PRODUCT_NAME = "$(TARGET_NAME)";
				SWIFT_VERSION = 3.0;
			};
			name = Debug;
		};
		878C6B721F6A153100548259 /* Release */ = {
			isa = XCBuildConfiguration;
			buildSettings = {
				ASSETCATALOG_COMPILER_APPICON_NAME = AppIcon;
				INFOPLIST_FILE = SpaceApp/Info.plist;
				LD_RUNPATH_SEARCH_PATHS = "$(inherited) @executable_path/Frameworks";
				PRODUCT_BUNDLE_IDENTIFIER = sivam.app.SpaceApp;
				PRODUCT_NAME = "$(TARGET_NAME)";
				SWIFT_VERSION = 3.0;
			};
			name = Release;
		};
		878C6B741F6A153100548259 /* Debug */ = {
			isa = XCBuildConfiguration;
			buildSettings = {
				ALWAYS_EMBED_SWIFT_STANDARD_LIBRARIES = YES;
				BUNDLE_LOADER = "$(TEST_HOST)";
				INFOPLIST_FILE = SpaceAppTests/Info.plist;
				LD_RUNPATH_SEARCH_PATHS = "$(inherited) @executable_path/Frameworks @loader_path/Frameworks";
				PRODUCT_BUNDLE_IDENTIFIER = sivam.app.SpaceAppTests;
				PRODUCT_NAME = "$(TARGET_NAME)";
				SWIFT_VERSION = 3.0;
				TEST_HOST = "$(BUILT_PRODUCTS_DIR)/SpaceApp.app/SpaceApp";
			};
			name = Debug;
		};
		878C6B751F6A153100548259 /* Release */ = {
			isa = XCBuildConfiguration;
			buildSettings = {
				ALWAYS_EMBED_SWIFT_STANDARD_LIBRARIES = YES;
				BUNDLE_LOADER = "$(TEST_HOST)";
				INFOPLIST_FILE = SpaceAppTests/Info.plist;
				LD_RUNPATH_SEARCH_PATHS = "$(inherited) @executable_path/Frameworks @loader_path/Frameworks";
				PRODUCT_BUNDLE_IDENTIFIER = sivam.app.SpaceAppTests;
				PRODUCT_NAME = "$(TARGET_NAME)";
				SWIFT_VERSION = 3.0;
				TEST_HOST = "$(BUILT_PRODUCTS_DIR)/SpaceApp.app/SpaceApp";
			};
			name = Release;
		};
		878C6B771F6A153100548259 /* Debug */ = {
			isa = XCBuildConfiguration;
			buildSettings = {
				ALWAYS_EMBED_SWIFT_STANDARD_LIBRARIES = YES;
				INFOPLIST_FILE = SpaceAppUITests/Info.plist;
				LD_RUNPATH_SEARCH_PATHS = "$(inherited) @executable_path/Frameworks @loader_path/Frameworks";
				PRODUCT_BUNDLE_IDENTIFIER = sivam.app.SpaceAppUITests;
				PRODUCT_NAME = "$(TARGET_NAME)";
				SWIFT_VERSION = 3.0;
				TEST_TARGET_NAME = SpaceApp;
			};
			name = Debug;
		};
		878C6B781F6A153100548259 /* Release */ = {
			isa = XCBuildConfiguration;
			buildSettings = {
				ALWAYS_EMBED_SWIFT_STANDARD_LIBRARIES = YES;
				INFOPLIST_FILE = SpaceAppUITests/Info.plist;
				LD_RUNPATH_SEARCH_PATHS = "$(inherited) @executable_path/Frameworks @loader_path/Frameworks";
				PRODUCT_BUNDLE_IDENTIFIER = sivam.app.SpaceAppUITests;
				PRODUCT_NAME = "$(TARGET_NAME)";
				SWIFT_VERSION = 3.0;
				TEST_TARGET_NAME = SpaceApp;
			};
			name = Release;
		};
/* End XCBuildConfiguration section */

/* Begin XCConfigurationList section */
		878C6B431F6A153100548259 /* Build configuration list for PBXProject "SpaceApp" */ = {
			isa = XCConfigurationList;
			buildConfigurations = (
				878C6B6E1F6A153100548259 /* Debug */,
				878C6B6F1F6A153100548259 /* Release */,
			);
			defaultConfigurationIsVisible = 0;
			defaultConfigurationName = Release;
		};
		878C6B701F6A153100548259 /* Build configuration list for PBXNativeTarget "SpaceApp" */ = {
			isa = XCConfigurationList;
			buildConfigurations = (
				878C6B711F6A153100548259 /* Debug */,
				878C6B721F6A153100548259 /* Release */,
			);
			defaultConfigurationIsVisible = 0;
			defaultConfigurationName = Release;
		};
		878C6B731F6A153100548259 /* Build configuration list for PBXNativeTarget "SpaceAppTests" */ = {
			isa = XCConfigurationList;
			buildConfigurations = (
				878C6B741F6A153100548259 /* Debug */,
				878C6B751F6A153100548259 /* Release */,
			);
			defaultConfigurationIsVisible = 0;
			defaultConfigurationName = Release;
		};
		878C6B761F6A153100548259 /* Build configuration list for PBXNativeTarget "SpaceAppUITests" */ = {
			isa = XCConfigurationList;
			buildConfigurations = (
				878C6B771F6A153100548259 /* Debug */,
				878C6B781F6A153100548259 /* Release */,
			);
			defaultConfigurationIsVisible = 0;
			defaultConfigurationName = Release;
		};
/* End XCConfigurationList section */
	};
	rootObject = 878C6B401F6A153100548259 /* Project object */;
}
